
Microsoft Visual Studio Solution File, Format Version 12.00
# Visual Studio Version 17
VisualStudioVersion = 17.0.32112.339
MinimumVisualStudioVersion = 10.0.40219.1
Project("{2150E333-8FDC-42A3-9474-1A3956D46DE8}") = "1 - Entrypoint", "1 - Entrypoint", "{7CEFB2EF-9844-4496-B614-8FA35A4D16F0}"
EndProject
Project("{2150E333-8FDC-42A3-9474-1A3956D46DE8}") = "2 - Application", "2 - Application", "{A60E963F-EEC6-4D03-A5D9-654E2AD6DE87}"
EndProject
Project("{2150E333-8FDC-42A3-9474-1A3956D46DE8}") = "3 - Domain", "3 - Domain", "{38BF2F64-71F8-4100-8827-ADB28011FE79}"
EndProject
Project("{2150E333-8FDC-42A3-9474-1A3956D46DE8}") = "4 - Infra", "4 - Infra", "{A6C865D2-7275-4354-91AF-DC2DAA87E550}"
EndProject
Project("{2150E333-8FDC-42A3-9474-1A3956D46DE8}") = "4.1 - Data", "4.1 - Data", "{F900A6FA-5BBC-45BA-B2D9-89AED45EFE0D}"
EndProject
Project("{2150E333-8FDC-42A3-9474-1A3956D46DE8}") = "4.2 - CrossCutting", "4.2 - CrossCutting", "{8A527F4C-E09A-41DA-97EE-F1BA43B02B37}"
EndProject
Project("{9A19103F-16F7-4668-BE54-9A1E7A4F7556}") = "Invest", "Invest\Invest.csproj", "{2DB1AC9F-D9B7-416F-B8EA-2567EAA4AE64}"
EndProject
Project("{9A19103F-16F7-4668-BE54-9A1E7A4F7556}") = "Invest.Application", "Invest.Application\Invest.Application.csproj", "{C429184D-E0D6-48FB-BDE3-91F2B782AF31}"
EndProject
Project("{9A19103F-16F7-4668-BE54-9A1E7A4F7556}") = "Invest.Domain", "Invest.Domain\Invest.Domain.csproj", "{866020F2-B84A-4E51-A332-B83C50B41D13}"
EndProject
Project("{9A19103F-16F7-4668-BE54-9A1E7A4F7556}") = "Invest.Data", "Invest.Data\Invest.Data.csproj", "{5B63DD7D-F4CC-406E-9DC1-45FACD1D2E37}"
EndProject
Project("{9A19103F-16F7-4668-BE54-9A1E7A4F7556}") = "Invest.CrossCutting.IoC", "Invest.CrossCutting.IoC\Invest.CrossCutting.IoC.csproj", "{AD48B16D-9356-4226-B5B5-0A1C8BF0EE1E}"
EndProject
Project("{9A19103F-16F7-4668-BE54-9A1E7A4F7556}") = "Invest.CrossCutting.Auth", "Invest.CrossCutting.Auth\Invest.CrossCutting.Auth.csproj", "{60BD6112-73A9-4CEA-B964-87188540B141}"
EndProject
Project("{9A19103F-16F7-4668-BE54-9A1E7A4F7556}") = "Invest.CrossCutting.Common", "Invest.CrossCutting.Common\Invest.CrossCutting.Common.csproj", "{D3E1A69C-5E30-4AEC-A3B2-4815EA26D242}"
EndProject
Project("{2150E333-8FDC-42A3-9474-1A3956D46DE8}") = "5 - Test", "5 - Test", "{C440490F-7490-4A91-A830-4BB1D8C69B6E}"
EndProject
Project("{FAE04EC0-301F-11D3-BF4B-00C04F79EFBC}") = "Invest.Application.Test", "Invest.Application.Test\Invest.Application.Test.csproj", "{8CEB765A-0041-4B0D-B7B4-2169CA2D0ACC}"
EndProject
Global
	GlobalSection(SolutionConfigurationPlatforms) = preSolution
		Debug|Any CPU = Debug|Any CPU
		Release|Any CPU = Release|Any CPU
	EndGlobalSection
	GlobalSection(ProjectConfigurationPlatforms) = postSolution
		{2DB1AC9F-D9B7-416F-B8EA-2567EAA4AE64}.Debug|Any CPU.ActiveCfg = Debug|Any CPU
		{2DB1AC9F-D9B7-416F-B8EA-2567EAA4AE64}.Debug|Any CPU.Build.0 = Debug|Any CPU
		{2DB1AC9F-D9B7-416F-B8EA-2567EAA4AE64}.Release|Any CPU.ActiveCfg = Release|Any CPU
		{2DB1AC9F-D9B7-416F-B8EA-2567EAA4AE64}.Release|Any CPU.Build.0 = Release|Any CPU
		{C429184D-E0D6-48FB-BDE3-91F2B782AF31}.Debug|Any CPU.ActiveCfg = Debug|Any CPU
		{C429184D-E0D6-48FB-BDE3-91F2B782AF31}.Debug|Any CPU.Build.0 = Debug|Any CPU
		{C429184D-E0D6-48FB-BDE3-91F2B782AF31}.Release|Any CPU.ActiveCfg = Release|Any CPU
		{C429184D-E0D6-48FB-BDE3-91F2B782AF31}.Release|Any CPU.Build.0 = Release|Any CPU
		{866020F2-B84A-4E51-A332-B83C50B41D13}.Debug|Any CPU.ActiveCfg = Debug|Any CPU
		{866020F2-B84A-4E51-A332-B83C50B41D13}.Debug|Any CPU.Build.0 = Debug|Any CPU
		{866020F2-B84A-4E51-A332-B83C50B41D13}.Release|Any CPU.ActiveCfg = Release|Any CPU
		{866020F2-B84A-4E51-A332-B83C50B41D13}.Release|Any CPU.Build.0 = Release|Any CPU
		{5B63DD7D-F4CC-406E-9DC1-45FACD1D2E37}.Debug|Any CPU.ActiveCfg = Debug|Any CPU
		{5B63DD7D-F4CC-406E-9DC1-45FACD1D2E37}.Debug|Any CPU.Build.0 = Debug|Any CPU
		{5B63DD7D-F4CC-406E-9DC1-45FACD1D2E37}.Release|Any CPU.ActiveCfg = Release|Any CPU
		{5B63DD7D-F4CC-406E-9DC1-45FACD1D2E37}.Release|Any CPU.Build.0 = Release|Any CPU
		{AD48B16D-9356-4226-B5B5-0A1C8BF0EE1E}.Debug|Any CPU.ActiveCfg = Debug|Any CPU
		{AD48B16D-9356-4226-B5B5-0A1C8BF0EE1E}.Debug|Any CPU.Build.0 = Debug|Any CPU
		{AD48B16D-9356-4226-B5B5-0A1C8BF0EE1E}.Release|Any CPU.ActiveCfg = Release|Any CPU
		{AD48B16D-9356-4226-B5B5-0A1C8BF0EE1E}.Release|Any CPU.Build.0 = Release|Any CPU
		{60BD6112-73A9-4CEA-B964-87188540B141}.Debug|Any CPU.ActiveCfg = Debug|Any CPU
		{60BD6112-73A9-4CEA-B964-87188540B141}.Debug|Any CPU.Build.0 = Debug|Any CPU
		{60BD6112-73A9-4CEA-B964-87188540B141}.Release|Any CPU.ActiveCfg = Release|Any CPU
		{60BD6112-73A9-4CEA-B964-87188540B141}.Release|Any CPU.Build.0 = Release|Any CPU
		{D3E1A69C-5E30-4AEC-A3B2-4815EA26D242}.Debug|Any CPU.ActiveCfg = Debug|Any CPU
		{D3E1A69C-5E30-4AEC-A3B2-4815EA26D242}.Debug|Any CPU.Build.0 = Debug|Any CPU
		{D3E1A69C-5E30-4AEC-A3B2-4815EA26D242}.Release|Any CPU.ActiveCfg = Release|Any CPU
		{D3E1A69C-5E30-4AEC-A3B2-4815EA26D242}.Release|Any CPU.Build.0 = Release|Any CPU
		{8CEB765A-0041-4B0D-B7B4-2169CA2D0ACC}.Debug|Any CPU.ActiveCfg = Debug|Any CPU
		{8CEB765A-0041-4B0D-B7B4-2169CA2D0ACC}.Debug|Any CPU.Build.0 = Debug|Any CPU
		{8CEB765A-0041-4B0D-B7B4-2169CA2D0ACC}.Release|Any CPU.ActiveCfg = Release|Any CPU
		{8CEB765A-0041-4B0D-B7B4-2169CA2D0ACC}.Release|Any CPU.Build.0 = Release|Any CPU
	EndGlobalSection
	GlobalSection(SolutionProperties) = preSolution
		HideSolutionNode = FALSE
	EndGlobalSection
	GlobalSection(NestedProjects) = preSolution
		{F900A6FA-5BBC-45BA-B2D9-89AED45EFE0D} = {A6C865D2-7275-4354-91AF-DC2DAA87E550}
		{8A527F4C-E09A-41DA-97EE-F1BA43B02B37} = {A6C865D2-7275-4354-91AF-DC2DAA87E550}
		{2DB1AC9F-D9B7-416F-B8EA-2567EAA4AE64} = {7CEFB2EF-9844-4496-B614-8FA35A4D16F0}
		{C429184D-E0D6-48FB-BDE3-91F2B782AF31} = {A60E963F-EEC6-4D03-A5D9-654E2AD6DE87}
		{866020F2-B84A-4E51-A332-B83C50B41D13} = {38BF2F64-71F8-4100-8827-ADB28011FE79}
		{5B63DD7D-F4CC-406E-9DC1-45FACD1D2E37} = {F900A6FA-5BBC-45BA-B2D9-89AED45EFE0D}
		{AD48B16D-9356-4226-B5B5-0A1C8BF0EE1E} = {8A527F4C-E09A-41DA-97EE-F1BA43B02B37}
		{60BD6112-73A9-4CEA-B964-87188540B141} = {8A527F4C-E09A-41DA-97EE-F1BA43B02B37}
		{D3E1A69C-5E30-4AEC-A3B2-4815EA26D242} = {8A527F4C-E09A-41DA-97EE-F1BA43B02B37}
		{8CEB765A-0041-4B0D-B7B4-2169CA2D0ACC} = {C440490F-7490-4A91-A830-4BB1D8C69B6E}
	EndGlobalSection
	GlobalSection(ExtensibilityGlobals) = postSolution
		SolutionGuid = {8AA24F6D-7B45-44B2-9993-CC9A3FE71CD4}
	EndGlobalSection
EndGlobal
